
Microsoft Visual Studio Solution File, Format Version 12.00
# Visual Studio 15
VisualStudioVersion = 15.0.28307.1062
MinimumVisualStudioVersion = 10.0.40219.1
Project("{FAE04EC0-301F-11D3-BF4B-00C04F79EFBC}") = "UnitTestTutorial", "UnitTestTutorial\UnitTestTutorial.csproj", "{36CCBB31-FC59-482D-B86C-DA912248E6D1}"
EndProject
Project("{FAE04EC0-301F-11D3-BF4B-00C04F79EFBC}") = "BankTests", "BankTests\BankTests.csproj", "{63E17FF8-59B9-4EC3-9DC1-0CB62D1BED74}"
EndProject
Global
	GlobalSection(SolutionConfigurationPlatforms) = preSolution
		Debug|Any CPU = Debug|Any CPU
		Release|Any CPU = Release|Any CPU
	EndGlobalSection
	GlobalSection(ProjectConfigurationPlatforms) = postSolution
		{36CCBB31-FC59-482D-B86C-DA912248E6D1}.Debug|Any CPU.ActiveCfg = Debug|Any CPU
		{36CCBB31-FC59-482D-B86C-DA912248E6D1}.Debug|Any CPU.Build.0 = Debug|Any CPU
		{36CCBB31-FC59-482D-B86C-DA912248E6D1}.Release|Any CPU.ActiveCfg = Release|Any CPU
		{36CCBB31-FC59-482D-B86C-DA912248E6D1}.Release|Any CPU.Build.0 = Release|Any CPU
		{63E17FF8-59B9-4EC3-9DC1-0CB62D1BED74}.Debug|Any CPU.ActiveCfg = Debug|Any CPU
		{63E17FF8-59B9-4EC3-9DC1-0CB62D1BED74}.Debug|Any CPU.Build.0 = Debug|Any CPU
		{63E17FF8-59B9-4EC3-9DC1-0CB62D1BED74}.Release|Any CPU.ActiveCfg = Release|Any CPU
		{63E17FF8-59B9-4EC3-9DC1-0CB62D1BED74}.Release|Any CPU.Build.0 = Release|Any CPU
	EndGlobalSection
	GlobalSection(SolutionProperties) = preSolution
		HideSolutionNode = FALSE
	EndGlobalSection
	GlobalSection(ExtensibilityGlobals) = postSolution
		SolutionGuid = {C3C10E23-A651-45EB-856B-9359C505B483}
	EndGlobalSection
EndGlobal
